{
    "egulias/email-validator": {
        "version": "2.1.5"
    },
    "swiftmailer/swiftmailer": {
        "version": "v5.4.12"
    },
    "symfony/swiftmailer-bundle": {
        "version": "2.5",
        "recipe": {
            "repo": "github.com/symfony/recipes",
            "branch": "master",
            "version": "2.5",
            "ref": "3db029c03e452b4a23f7fc45cec7c922c2247eb8"
        }
    }
}
